// !$*UTF8*$!
{
	archiveVersion = 1;
	classes = {
	};
	objectVersion = 46;
	objects = {

/* Begin PBXBuildFile section */
		57A0B1BD1DC318FD0094C7A0 /* main.m in Sources */ = {isa = PBXBuildFile; fileRef = 57A0B1BC1DC318FD0094C7A0 /* main.m */; };
		57A0B1C01DC318FD0094C7A0 /* AppDelegate.m in Sources */ = {isa = PBXBuildFile; fileRef = 57A0B1BF1DC318FD0094C7A0 /* AppDelegate.m */; };
		57A0B1C81DC318FE0094C7A0 /* Assets.xcassets in Resources */ = {isa = PBXBuildFile; fileRef = 57A0B1C71DC318FE0094C7A0 /* Assets.xcassets */; };
		57A0B1CB1DC318FE0094C7A0 /* LaunchScreen.storyboard in Resources */ = {isa = PBXBuildFile; fileRef = 57A0B1C91DC318FE0094C7A0 /* LaunchScreen.storyboard */; };
		57A0B1D61DC318FE0094C7A0 /* TGMedicalPointTests.m in Sources */ = {isa = PBXBuildFile; fileRef = 57A0B1D51DC318FE0094C7A0 /* TGMedicalPointTests.m */; };
		57A0B1E11DC318FE0094C7A0 /* TGMedicalPointUITests.m in Sources */ = {isa = PBXBuildFile; fileRef = 57A0B1E01DC318FE0094C7A0 /* TGMedicalPointUITests.m */; };
		57A0B20E1DC31C900094C7A0 /* UIApplication+SlideMenuControllerOC.m in Sources */ = {isa = PBXBuildFile; fileRef = 57A0B1F81DC31C900094C7A0 /* UIApplication+SlideMenuControllerOC.m */; };
		57A0B20F1DC31C900094C7A0 /* UIColor+SlideMenuControllerOC.m in Sources */ = {isa = PBXBuildFile; fileRef = 57A0B1FA1DC31C900094C7A0 /* UIColor+SlideMenuControllerOC.m */; };
		57A0B2101DC31C900094C7A0 /* UIImage+SlideMenuController.m in Sources */ = {isa = PBXBuildFile; fileRef = 57A0B1FC1DC31C900094C7A0 /* UIImage+SlideMenuController.m */; };
		57A0B2111DC31C900094C7A0 /* UIImageView+SlideMenuControllerOC.m in Sources */ = {isa = PBXBuildFile; fileRef = 57A0B1FE1DC31C900094C7A0 /* UIImageView+SlideMenuControllerOC.m */; };
		57A0B2121DC31C900094C7A0 /* UITableView+SlideMenuControllerOC.m in Sources */ = {isa = PBXBuildFile; fileRef = 57A0B2001DC31C900094C7A0 /* UITableView+SlideMenuControllerOC.m */; };
		57A0B2131DC31C900094C7A0 /* UIView+SlideMenuController.m in Sources */ = {isa = PBXBuildFile; fileRef = 57A0B2021DC31C900094C7A0 /* UIView+SlideMenuController.m */; };
		57A0B2141DC31C900094C7A0 /* UIViewController+SlideMenuControllerOC.m in Sources */ = {isa = PBXBuildFile; fileRef = 57A0B2041DC31C900094C7A0 /* UIViewController+SlideMenuControllerOC.m */; };
		57A0B2151DC31C900094C7A0 /* SlideMenuController.m in Sources */ = {isa = PBXBuildFile; fileRef = 57A0B2061DC31C900094C7A0 /* SlideMenuController.m */; };
		57A0B2221DC31E630094C7A0 /* BaseSlideMenuController.m in Sources */ = {isa = PBXBuildFile; fileRef = 57A0B2211DC31E630094C7A0 /* BaseSlideMenuController.m */; };
		57A0B2331DC320530094C7A0 /* TGCheckViewController.m in Sources */ = {isa = PBXBuildFile; fileRef = 57A0B2311DC320530094C7A0 /* TGCheckViewController.m */; };
		57A0B2341DC320530094C7A0 /* TGCheckViewController.xib in Resources */ = {isa = PBXBuildFile; fileRef = 57A0B2321DC320530094C7A0 /* TGCheckViewController.xib */; };
		57A0B23D1DC320750094C7A0 /* TGMeViewController.m in Sources */ = {isa = PBXBuildFile; fileRef = 57A0B23B1DC320750094C7A0 /* TGMeViewController.m */; };
		57A0B23E1DC320750094C7A0 /* TGMeViewController.xib in Resources */ = {isa = PBXBuildFile; fileRef = 57A0B23C1DC320750094C7A0 /* TGMeViewController.xib */; };
		57A0B2421DC3209A0094C7A0 /* TGSymptomViewController.m in Sources */ = {isa = PBXBuildFile; fileRef = 57A0B2401DC3209A0094C7A0 /* TGSymptomViewController.m */; };
		57A0B2431DC3209A0094C7A0 /* TGSymptomViewController.xib in Resources */ = {isa = PBXBuildFile; fileRef = 57A0B2411DC3209A0094C7A0 /* TGSymptomViewController.xib */; };
		57A0B2471DC320E50094C7A0 /* TGHomeViewController.m in Sources */ = {isa = PBXBuildFile; fileRef = 57A0B2451DC320E50094C7A0 /* TGHomeViewController.m */; };
		57A0B2481DC320E50094C7A0 /* TGHomeViewController.xib in Resources */ = {isa = PBXBuildFile; fileRef = 57A0B2461DC320E50094C7A0 /* TGHomeViewController.xib */; };
		57A0B24B1DC321A30094C7A0 /* BaseNavigationViewController.m in Sources */ = {isa = PBXBuildFile; fileRef = 57A0B24A1DC321A30094C7A0 /* BaseNavigationViewController.m */; };
		57A0B2521DC34C950094C7A0 /* BaseLeftViewController.m in Sources */ = {isa = PBXBuildFile; fileRef = 57A0B2501DC34C950094C7A0 /* BaseLeftViewController.m */; };
		57A0B2531DC34C950094C7A0 /* BaseLeftViewController.xib in Resources */ = {isa = PBXBuildFile; fileRef = 57A0B2511DC34C950094C7A0 /* BaseLeftViewController.xib */; };
		57A0B2561DC351F20094C7A0 /* iconbg.jpg in Resources */ = {isa = PBXBuildFile; fileRef = 57A0B2551DC351F20094C7A0 /* iconbg.jpg */; };
/* End PBXBuildFile section */

/* Begin PBXContainerItemProxy section */
		57A0B1D21DC318FE0094C7A0 /* PBXContainerItemProxy */ = {
			isa = PBXContainerItemProxy;
			containerPortal = 57A0B1B01DC318FD0094C7A0 /* Project object */;
			proxyType = 1;
			remoteGlobalIDString = 57A0B1B71DC318FD0094C7A0;
			remoteInfo = TGMedicalPoint;
		};
		57A0B1DD1DC318FE0094C7A0 /* PBXContainerItemProxy */ = {
			isa = PBXContainerItemProxy;
			containerPortal = 57A0B1B01DC318FD0094C7A0 /* Project object */;
			proxyType = 1;
			remoteGlobalIDString = 57A0B1B71DC318FD0094C7A0;
			remoteInfo = TGMedicalPoint;
		};
/* End PBXContainerItemProxy section */

/* Begin PBXFileReference section */
		57A0B1B81DC318FD0094C7A0 /* TGMedicalPoint.app */ = {isa = PBXFileReference; explicitFileType = wrapper.application; includeInIndex = 0; path = TGMedicalPoint.app; sourceTree = BUILT_PRODUCTS_DIR; };
		57A0B1BC1DC318FD0094C7A0 /* main.m */ = {isa = PBXFileReference; lastKnownFileType = sourcecode.c.objc; path = main.m; sourceTree = "<group>"; };
		57A0B1BE1DC318FD0094C7A0 /* AppDelegate.h */ = {isa = PBXFileReference; lastKnownFileType = sourcecode.c.h; path = AppDelegate.h; sourceTree = "<group>"; };
		57A0B1BF1DC318FD0094C7A0 /* AppDelegate.m */ = {isa = PBXFileReference; lastKnownFileType = sourcecode.c.objc; path = AppDelegate.m; sourceTree = "<group>"; };
		57A0B1C71DC318FE0094C7A0 /* Assets.xcassets */ = {isa = PBXFileReference; lastKnownFileType = folder.assetcatalog; path = Assets.xcassets; sourceTree = "<group>"; };
		57A0B1CA1DC318FE0094C7A0 /* Base */ = {isa = PBXFileReference; lastKnownFileType = file.storyboard; name = Base; path = Base.lproj/LaunchScreen.storyboard; sourceTree = "<group>"; };
		57A0B1CC1DC318FE0094C7A0 /* Info.plist */ = {isa = PBXFileReference; lastKnownFileType = text.plist.xml; path = Info.plist; sourceTree = "<group>"; };
		57A0B1D11DC318FE0094C7A0 /* TGMedicalPointTests.xctest */ = {isa = PBXFileReference; explicitFileType = wrapper.cfbundle; includeInIndex = 0; path = TGMedicalPointTests.xctest; sourceTree = BUILT_PRODUCTS_DIR; };
		57A0B1D51DC318FE0094C7A0 /* TGMedicalPointTests.m */ = {isa = PBXFileReference; lastKnownFileType = sourcecode.c.objc; path = TGMedicalPointTests.m; sourceTree = "<group>"; };
		57A0B1D71DC318FE0094C7A0 /* Info.plist */ = {isa = PBXFileReference; lastKnownFileType = text.plist.xml; path = Info.plist; sourceTree = "<group>"; };
		57A0B1DC1DC318FE0094C7A0 /* TGMedicalPointUITests.xctest */ = {isa = PBXFileReference; explicitFileType = wrapper.cfbundle; includeInIndex = 0; path = TGMedicalPointUITests.xctest; sourceTree = BUILT_PRODUCTS_DIR; };
		57A0B1E01DC318FE0094C7A0 /* TGMedicalPointUITests.m */ = {isa = PBXFileReference; lastKnownFileType = sourcecode.c.objc; path = TGMedicalPointUITests.m; sourceTree = "<group>"; };
		57A0B1E21DC318FE0094C7A0 /* Info.plist */ = {isa = PBXFileReference; lastKnownFileType = text.plist.xml; path = Info.plist; sourceTree = "<group>"; };
		57A0B1F71DC31C900094C7A0 /* UIApplication+SlideMenuControllerOC.h */ = {isa = PBXFileReference; fileEncoding = 4; lastKnownFileType = sourcecode.c.h; path = "UIApplication+SlideMenuControllerOC.h"; sourceTree = "<group>"; };
		57A0B1F81DC31C900094C7A0 /* UIApplication+SlideMenuControllerOC.m */ = {isa = PBXFileReference; fileEncoding = 4; lastKnownFileType = sourcecode.c.objc; path = "UIApplication+SlideMenuControllerOC.m"; sourceTree = "<group>"; };
		57A0B1F91DC31C900094C7A0 /* UIColor+SlideMenuControllerOC.h */ = {isa = PBXFileReference; fileEncoding = 4; lastKnownFileType = sourcecode.c.h; path = "UIColor+SlideMenuControllerOC.h"; sourceTree = "<group>"; };
		57A0B1FA1DC31C900094C7A0 /* UIColor+SlideMenuControllerOC.m */ = {isa = PBXFileReference; fileEncoding = 4; lastKnownFileType = sourcecode.c.objc; path = "UIColor+SlideMenuControllerOC.m"; sourceTree = "<group>"; };
		57A0B1FB1DC31C900094C7A0 /* UIImage+SlideMenuController.h */ = {isa = PBXFileReference; fileEncoding = 4; lastKnownFileType = sourcecode.c.h; path = "UIImage+SlideMenuController.h"; sourceTree = "<group>"; };
		57A0B1FC1DC31C900094C7A0 /* UIImage+SlideMenuController.m */ = {isa = PBXFileReference; fileEncoding = 4; lastKnownFileType = sourcecode.c.objc; path = "UIImage+SlideMenuController.m"; sourceTree = "<group>"; };
		57A0B1FD1DC31C900094C7A0 /* UIImageView+SlideMenuControllerOC.h */ = {isa = PBXFileReference; fileEncoding = 4; lastKnownFileType = sourcecode.c.h; path = "UIImageView+SlideMenuControllerOC.h"; sourceTree = "<group>"; };
		57A0B1FE1DC31C900094C7A0 /* UIImageView+SlideMenuControllerOC.m */ = {isa = PBXFileReference; fileEncoding = 4; lastKnownFileType = sourcecode.c.objc; path = "UIImageView+SlideMenuControllerOC.m"; sourceTree = "<group>"; };
		57A0B1FF1DC31C900094C7A0 /* UITableView+SlideMenuControllerOC.h */ = {isa = PBXFileReference; fileEncoding = 4; lastKnownFileType = sourcecode.c.h; path = "UITableView+SlideMenuControllerOC.h"; sourceTree = "<group>"; };
		57A0B2001DC31C900094C7A0 /* UITableView+SlideMenuControllerOC.m */ = {isa = PBXFileReference; fileEncoding = 4; lastKnownFileType = sourcecode.c.objc; path = "UITableView+SlideMenuControllerOC.m"; sourceTree = "<group>"; };
		57A0B2011DC31C900094C7A0 /* UIView+SlideMenuController.h */ = {isa = PBXFileReference; fileEncoding = 4; lastKnownFileType = sourcecode.c.h; path = "UIView+SlideMenuController.h"; sourceTree = "<group>"; };
		57A0B2021DC31C900094C7A0 /* UIView+SlideMenuController.m */ = {isa = PBXFileReference; fileEncoding = 4; lastKnownFileType = sourcecode.c.objc; path = "UIView+SlideMenuController.m"; sourceTree = "<group>"; };
		57A0B2031DC31C900094C7A0 /* UIViewController+SlideMenuControllerOC.h */ = {isa = PBXFileReference; fileEncoding = 4; lastKnownFileType = sourcecode.c.h; path = "UIViewController+SlideMenuControllerOC.h"; sourceTree = "<group>"; };
		57A0B2041DC31C900094C7A0 /* UIViewController+SlideMenuControllerOC.m */ = {isa = PBXFileReference; fileEncoding = 4; lastKnownFileType = sourcecode.c.objc; path = "UIViewController+SlideMenuControllerOC.m"; sourceTree = "<group>"; };
		57A0B2051DC31C900094C7A0 /* SlideMenuController.h */ = {isa = PBXFileReference; fileEncoding = 4; lastKnownFileType = sourcecode.c.h; path = SlideMenuController.h; sourceTree = "<group>"; };
		57A0B2061DC31C900094C7A0 /* SlideMenuController.m */ = {isa = PBXFileReference; fileEncoding = 4; lastKnownFileType = sourcecode.c.objc; path = SlideMenuController.m; sourceTree = "<group>"; };
		57A0B2201DC31E630094C7A0 /* BaseSlideMenuController.h */ = {isa = PBXFileReference; fileEncoding = 4; lastKnownFileType = sourcecode.c.h; path = BaseSlideMenuController.h; sourceTree = "<group>"; };
		57A0B2211DC31E630094C7A0 /* BaseSlideMenuController.m */ = {isa = PBXFileReference; fileEncoding = 4; lastKnownFileType = sourcecode.c.objc; path = BaseSlideMenuController.m; sourceTree = "<group>"; };
		57A0B2301DC320530094C7A0 /* TGCheckViewController.h */ = {isa = PBXFileReference; fileEncoding = 4; lastKnownFileType = sourcecode.c.h; path = TGCheckViewController.h; sourceTree = "<group>"; };
		57A0B2311DC320530094C7A0 /* TGCheckViewController.m */ = {isa = PBXFileReference; fileEncoding = 4; lastKnownFileType = sourcecode.c.objc; path = TGCheckViewController.m; sourceTree = "<group>"; };
		57A0B2321DC320530094C7A0 /* TGCheckViewController.xib */ = {isa = PBXFileReference; fileEncoding = 4; lastKnownFileType = file.xib; path = TGCheckViewController.xib; sourceTree = "<group>"; };
		57A0B23A1DC320750094C7A0 /* TGMeViewController.h */ = {isa = PBXFileReference; fileEncoding = 4; lastKnownFileType = sourcecode.c.h; path = TGMeViewController.h; sourceTree = "<group>"; };
		57A0B23B1DC320750094C7A0 /* TGMeViewController.m */ = {isa = PBXFileReference; fileEncoding = 4; lastKnownFileType = sourcecode.c.objc; path = TGMeViewController.m; sourceTree = "<group>"; };
		57A0B23C1DC320750094C7A0 /* TGMeViewController.xib */ = {isa = PBXFileReference; fileEncoding = 4; lastKnownFileType = file.xib; path = TGMeViewController.xib; sourceTree = "<group>"; };
		57A0B23F1DC3209A0094C7A0 /* TGSymptomViewController.h */ = {isa = PBXFileReference; fileEncoding = 4; lastKnownFileType = sourcecode.c.h; path = TGSymptomViewController.h; sourceTree = "<group>"; };
		57A0B2401DC3209A0094C7A0 /* TGSymptomViewController.m */ = {isa = PBXFileReference; fileEncoding = 4; lastKnownFileType = sourcecode.c.objc; path = TGSymptomViewController.m; sourceTree = "<group>"; };
		57A0B2411DC3209A0094C7A0 /* TGSymptomViewController.xib */ = {isa = PBXFileReference; fileEncoding = 4; lastKnownFileType = file.xib; path = TGSymptomViewController.xib; sourceTree = "<group>"; };
		57A0B2441DC320E50094C7A0 /* TGHomeViewController.h */ = {isa = PBXFileReference; fileEncoding = 4; lastKnownFileType = sourcecode.c.h; path = TGHomeViewController.h; sourceTree = "<group>"; };
		57A0B2451DC320E50094C7A0 /* TGHomeViewController.m */ = {isa = PBXFileReference; fileEncoding = 4; lastKnownFileType = sourcecode.c.objc; path = TGHomeViewController.m; sourceTree = "<group>"; };
		57A0B2461DC320E50094C7A0 /* TGHomeViewController.xib */ = {isa = PBXFileReference; fileEncoding = 4; lastKnownFileType = file.xib; path = TGHomeViewController.xib; sourceTree = "<group>"; };
		57A0B2491DC321A30094C7A0 /* BaseNavigationViewController.h */ = {isa = PBXFileReference; fileEncoding = 4; lastKnownFileType = sourcecode.c.h; path = BaseNavigationViewController.h; sourceTree = "<group>"; };
		57A0B24A1DC321A30094C7A0 /* BaseNavigationViewController.m */ = {isa = PBXFileReference; fileEncoding = 4; lastKnownFileType = sourcecode.c.objc; path = BaseNavigationViewController.m; sourceTree = "<group>"; };
		57A0B24F1DC34C950094C7A0 /* BaseLeftViewController.h */ = {isa = PBXFileReference; fileEncoding = 4; lastKnownFileType = sourcecode.c.h; path = BaseLeftViewController.h; sourceTree = "<group>"; };
		57A0B2501DC34C950094C7A0 /* BaseLeftViewController.m */ = {isa = PBXFileReference; fileEncoding = 4; lastKnownFileType = sourcecode.c.objc; path = BaseLeftViewController.m; sourceTree = "<group>"; };
		57A0B2511DC34C950094C7A0 /* BaseLeftViewController.xib */ = {isa = PBXFileReference; fileEncoding = 4; lastKnownFileType = file.xib; path = BaseLeftViewController.xib; sourceTree = "<group>"; };
		57A0B2551DC351F20094C7A0 /* iconbg.jpg */ = {isa = PBXFileReference; lastKnownFileType = image.jpeg; path = iconbg.jpg; sourceTree = "<group>"; };
/* End PBXFileReference section */

/* Begin PBXFrameworksBuildPhase section */
		57A0B1B51DC318FD0094C7A0 /* Frameworks */ = {
			isa = PBXFrameworksBuildPhase;
			buildActionMask = 2147483647;
			files = (
			);
			runOnlyForDeploymentPostprocessing = 0;
		};
		57A0B1CE1DC318FE0094C7A0 /* Frameworks */ = {
			isa = PBXFrameworksBuildPhase;
			buildActionMask = 2147483647;
			files = (
			);
			runOnlyForDeploymentPostprocessing = 0;
		};
		57A0B1D91DC318FE0094C7A0 /* Frameworks */ = {
			isa = PBXFrameworksBuildPhase;
			buildActionMask = 2147483647;
			files = (
			);
			runOnlyForDeploymentPostprocessing = 0;
		};
/* End PBXFrameworksBuildPhase section */

/* Begin PBXGroup section */
		57A0B1AF1DC318FD0094C7A0 = {
			isa = PBXGroup;
			children = (
				57A0B1BA1DC318FD0094C7A0 /* TGMedicalPoint */,
				57A0B1D41DC318FE0094C7A0 /* TGMedicalPointTests */,
				57A0B1DF1DC318FE0094C7A0 /* TGMedicalPointUITests */,
				57A0B1B91DC318FD0094C7A0 /* Products */,
			);
			sourceTree = "<group>";
		};
		57A0B1B91DC318FD0094C7A0 /* Products */ = {
			isa = PBXGroup;
			children = (
				57A0B1B81DC318FD0094C7A0 /* TGMedicalPoint.app */,
				57A0B1D11DC318FE0094C7A0 /* TGMedicalPointTests.xctest */,
				57A0B1DC1DC318FE0094C7A0 /* TGMedicalPointUITests.xctest */,
			);
			name = Products;
			sourceTree = "<group>";
		};
		57A0B1BA1DC318FD0094C7A0 /* TGMedicalPoint */ = {
			isa = PBXGroup;
			children = (
				57A0B1EE1DC31C900094C7A0 /* Classes */,
				57A0B1BE1DC318FD0094C7A0 /* AppDelegate.h */,
				57A0B1BF1DC318FD0094C7A0 /* AppDelegate.m */,
				57A0B1C71DC318FE0094C7A0 /* Assets.xcassets */,
				57A0B1C91DC318FE0094C7A0 /* LaunchScreen.storyboard */,
				57A0B1BB1DC318FD0094C7A0 /* Supporting Files */,
			);
			path = TGMedicalPoint;
			sourceTree = "<group>";
		};
		57A0B1BB1DC318FD0094C7A0 /* Supporting Files */ = {
			isa = PBXGroup;
			children = (
				57A0B1CC1DC318FE0094C7A0 /* Info.plist */,
				57A0B1BC1DC318FD0094C7A0 /* main.m */,
			);
			name = "Supporting Files";
			sourceTree = "<group>";
		};
		57A0B1D41DC318FE0094C7A0 /* TGMedicalPointTests */ = {
			isa = PBXGroup;
			children = (
				57A0B1D51DC318FE0094C7A0 /* TGMedicalPointTests.m */,
				57A0B1D71DC318FE0094C7A0 /* Info.plist */,
			);
			path = TGMedicalPointTests;
			sourceTree = "<group>";
		};
		57A0B1DF1DC318FE0094C7A0 /* TGMedicalPointUITests */ = {
			isa = PBXGroup;
			children = (
				57A0B1E01DC318FE0094C7A0 /* TGMedicalPointUITests.m */,
				57A0B1E21DC318FE0094C7A0 /* Info.plist */,
			);
			path = TGMedicalPointUITests;
			sourceTree = "<group>";
		};
		57A0B1EE1DC31C900094C7A0 /* Classes */ = {
			isa = PBXGroup;
			children = (
				57A0B2231DC31FFE0094C7A0 /* Check */,
				57A0B2271DC31FFE0094C7A0 /* Symptom */,
				57A0B1EF1DC31C900094C7A0 /* Home */,
				57A0B1F31DC31C900094C7A0 /* Main */,
				57A0B20A1DC31C900094C7A0 /* Me */,
			);
			path = Classes;
			sourceTree = "<group>";
		};
		57A0B1EF1DC31C900094C7A0 /* Home */ = {
			isa = PBXGroup;
			children = (
				57A0B1F01DC31C900094C7A0 /* Controllers */,
				57A0B1F11DC31C900094C7A0 /* Model */,
				57A0B1F21DC31C900094C7A0 /* View */,
			);
			path = Home;
			sourceTree = "<group>";
		};
		57A0B1F01DC31C900094C7A0 /* Controllers */ = {
			isa = PBXGroup;
			children = (
				57A0B2441DC320E50094C7A0 /* TGHomeViewController.h */,
				57A0B2451DC320E50094C7A0 /* TGHomeViewController.m */,
				57A0B2461DC320E50094C7A0 /* TGHomeViewController.xib */,
			);
			path = Controllers;
			sourceTree = "<group>";
		};
		57A0B1F11DC31C900094C7A0 /* Model */ = {
			isa = PBXGroup;
			children = (
			);
			path = Model;
			sourceTree = "<group>";
		};
		57A0B1F21DC31C900094C7A0 /* View */ = {
			isa = PBXGroup;
			children = (
			);
			path = View;
			sourceTree = "<group>";
		};
		57A0B1F31DC31C900094C7A0 /* Main */ = {
			isa = PBXGroup;
			children = (
				57A0B2541DC350B00094C7A0 /* Resourses */,
				57A0B1F41DC31C900094C7A0 /* CommonLib */,
				57A0B2071DC31C900094C7A0 /* Controllers */,
				57A0B2081DC31C900094C7A0 /* Model */,
				57A0B2091DC31C900094C7A0 /* View */,
			);
			path = Main;
			sourceTree = "<group>";
		};
		57A0B1F41DC31C900094C7A0 /* CommonLib */ = {
			isa = PBXGroup;
			children = (
				57A0B1F51DC31C900094C7A0 /* SlideMenuControllerOC */,
			);
			path = CommonLib;
			sourceTree = "<group>";
		};
		57A0B1F51DC31C900094C7A0 /* SlideMenuControllerOC */ = {
			isa = PBXGroup;
			children = (
				57A0B1F61DC31C900094C7A0 /* Category */,
				57A0B2051DC31C900094C7A0 /* SlideMenuController.h */,
				57A0B2061DC31C900094C7A0 /* SlideMenuController.m */,
			);
			path = SlideMenuControllerOC;
			sourceTree = "<group>";
		};
		57A0B1F61DC31C900094C7A0 /* Category */ = {
			isa = PBXGroup;
			children = (
				57A0B1F71DC31C900094C7A0 /* UIApplication+SlideMenuControllerOC.h */,
				57A0B1F81DC31C900094C7A0 /* UIApplication+SlideMenuControllerOC.m */,
				57A0B1F91DC31C900094C7A0 /* UIColor+SlideMenuControllerOC.h */,
				57A0B1FA1DC31C900094C7A0 /* UIColor+SlideMenuControllerOC.m */,
				57A0B1FB1DC31C900094C7A0 /* UIImage+SlideMenuController.h */,
				57A0B1FC1DC31C900094C7A0 /* UIImage+SlideMenuController.m */,
				57A0B1FD1DC31C900094C7A0 /* UIImageView+SlideMenuControllerOC.h */,
				57A0B1FE1DC31C900094C7A0 /* UIImageView+SlideMenuControllerOC.m */,
				57A0B1FF1DC31C900094C7A0 /* UITableView+SlideMenuControllerOC.h */,
				57A0B2001DC31C900094C7A0 /* UITableView+SlideMenuControllerOC.m */,
				57A0B2011DC31C900094C7A0 /* UIView+SlideMenuController.h */,
				57A0B2021DC31C900094C7A0 /* UIView+SlideMenuController.m */,
				57A0B2031DC31C900094C7A0 /* UIViewController+SlideMenuControllerOC.h */,
				57A0B2041DC31C900094C7A0 /* UIViewController+SlideMenuControllerOC.m */,
			);
			path = Category;
			sourceTree = "<group>";
		};
		57A0B2071DC31C900094C7A0 /* Controllers */ = {
			isa = PBXGroup;
			children = (
				57A0B2201DC31E630094C7A0 /* BaseSlideMenuController.h */,
				57A0B2211DC31E630094C7A0 /* BaseSlideMenuController.m */,
				57A0B2491DC321A30094C7A0 /* BaseNavigationViewController.h */,
				57A0B24A1DC321A30094C7A0 /* BaseNavigationViewController.m */,
				57A0B24F1DC34C950094C7A0 /* BaseLeftViewController.h */,
				57A0B2501DC34C950094C7A0 /* BaseLeftViewController.m */,
				57A0B2511DC34C950094C7A0 /* BaseLeftViewController.xib */,
			);
			path = Controllers;
			sourceTree = "<group>";
		};
		57A0B2081DC31C900094C7A0 /* Model */ = {
			isa = PBXGroup;
			children = (
			);
			path = Model;
			sourceTree = "<group>";
		};
		57A0B2091DC31C900094C7A0 /* View */ = {
			isa = PBXGroup;
			children = (
			);
			path = View;
			sourceTree = "<group>";
		};
		57A0B20A1DC31C900094C7A0 /* Me */ = {
			isa = PBXGroup;
			children = (
				57A0B20B1DC31C900094C7A0 /* Controllers */,
				57A0B20C1DC31C900094C7A0 /* Model */,
				57A0B20D1DC31C900094C7A0 /* View */,
			);
			path = Me;
			sourceTree = "<group>";
		};
		57A0B20B1DC31C900094C7A0 /* Controllers */ = {
			isa = PBXGroup;
			children = (
				57A0B23A1DC320750094C7A0 /* TGMeViewController.h */,
				57A0B23B1DC320750094C7A0 /* TGMeViewController.m */,
				57A0B23C1DC320750094C7A0 /* TGMeViewController.xib */,
			);
			path = Controllers;
			sourceTree = "<group>";
		};
		57A0B20C1DC31C900094C7A0 /* Model */ = {
			isa = PBXGroup;
			children = (
			);
			path = Model;
			sourceTree = "<group>";
		};
		57A0B20D1DC31C900094C7A0 /* View */ = {
			isa = PBXGroup;
			children = (
			);
			path = View;
			sourceTree = "<group>";
		};
		57A0B2231DC31FFE0094C7A0 /* Check */ = {
			isa = PBXGroup;
			children = (
				57A0B2241DC31FFE0094C7A0 /* Controllers */,
				57A0B2251DC31FFE0094C7A0 /* Model */,
				57A0B2261DC31FFE0094C7A0 /* View */,
			);
			path = Check;
			sourceTree = "<group>";
		};
		57A0B2241DC31FFE0094C7A0 /* Controllers */ = {
			isa = PBXGroup;
			children = (
				57A0B2301DC320530094C7A0 /* TGCheckViewController.h */,
				57A0B2311DC320530094C7A0 /* TGCheckViewController.m */,
				57A0B2321DC320530094C7A0 /* TGCheckViewController.xib */,
			);
			path = Controllers;
			sourceTree = "<group>";
		};
		57A0B2251DC31FFE0094C7A0 /* Model */ = {
			isa = PBXGroup;
			children = (
			);
			path = Model;
			sourceTree = "<group>";
		};
		57A0B2261DC31FFE0094C7A0 /* View */ = {
			isa = PBXGroup;
			children = (
			);
			path = View;
			sourceTree = "<group>";
		};
		57A0B2271DC31FFE0094C7A0 /* Symptom */ = {
			isa = PBXGroup;
			children = (
				57A0B2281DC31FFE0094C7A0 /* Controllers */,
				57A0B2291DC31FFE0094C7A0 /* Model */,
				57A0B22A1DC31FFE0094C7A0 /* View */,
			);
			path = Symptom;
			sourceTree = "<group>";
		};
		57A0B2281DC31FFE0094C7A0 /* Controllers */ = {
			isa = PBXGroup;
			children = (
				57A0B23F1DC3209A0094C7A0 /* TGSymptomViewController.h */,
				57A0B2401DC3209A0094C7A0 /* TGSymptomViewController.m */,
				57A0B2411DC3209A0094C7A0 /* TGSymptomViewController.xib */,
			);
			path = Controllers;
			sourceTree = "<group>";
		};
		57A0B2291DC31FFE0094C7A0 /* Model */ = {
			isa = PBXGroup;
			children = (
			);
			path = Model;
			sourceTree = "<group>";
		};
		57A0B22A1DC31FFE0094C7A0 /* View */ = {
			isa = PBXGroup;
			children = (
			);
			path = View;
			sourceTree = "<group>";
		};
		57A0B2541DC350B00094C7A0 /* Resourses */ = {
			isa = PBXGroup;
			children = (
				57A0B2551DC351F20094C7A0 /* iconbg.jpg */,
			);
			path = Resourses;
			sourceTree = "<group>";
		};
/* End PBXGroup section */

/* Begin PBXNativeTarget section */
		57A0B1B71DC318FD0094C7A0 /* TGMedicalPoint */ = {
			isa = PBXNativeTarget;
			buildConfigurationList = 57A0B1E51DC318FE0094C7A0 /* Build configuration list for PBXNativeTarget "TGMedicalPoint" */;
			buildPhases = (
				57A0B1B41DC318FD0094C7A0 /* Sources */,
				57A0B1B51DC318FD0094C7A0 /* Frameworks */,
				57A0B1B61DC318FD0094C7A0 /* Resources */,
			);
			buildRules = (
			);
			dependencies = (
			);
			name = TGMedicalPoint;
			productName = TGMedicalPoint;
			productReference = 57A0B1B81DC318FD0094C7A0 /* TGMedicalPoint.app */;
			productType = "com.apple.product-type.application";
		};
		57A0B1D01DC318FE0094C7A0 /* TGMedicalPointTests */ = {
			isa = PBXNativeTarget;
			buildConfigurationList = 57A0B1E81DC318FE0094C7A0 /* Build configuration list for PBXNativeTarget "TGMedicalPointTests" */;
			buildPhases = (
				57A0B1CD1DC318FE0094C7A0 /* Sources */,
				57A0B1CE1DC318FE0094C7A0 /* Frameworks */,
				57A0B1CF1DC318FE0094C7A0 /* Resources */,
			);
			buildRules = (
			);
			dependencies = (
				57A0B1D31DC318FE0094C7A0 /* PBXTargetDependency */,
			);
			name = TGMedicalPointTests;
			productName = TGMedicalPointTests;
			productReference = 57A0B1D11DC318FE0094C7A0 /* TGMedicalPointTests.xctest */;
			productType = "com.apple.product-type.bundle.unit-test";
		};
		57A0B1DB1DC318FE0094C7A0 /* TGMedicalPointUITests */ = {
			isa = PBXNativeTarget;
			buildConfigurationList = 57A0B1EB1DC318FE0094C7A0 /* Build configuration list for PBXNativeTarget "TGMedicalPointUITests" */;
			buildPhases = (
				57A0B1D81DC318FE0094C7A0 /* Sources */,
				57A0B1D91DC318FE0094C7A0 /* Frameworks */,
				57A0B1DA1DC318FE0094C7A0 /* Resources */,
			);
			buildRules = (
			);
			dependencies = (
				57A0B1DE1DC318FE0094C7A0 /* PBXTargetDependency */,
			);
			name = TGMedicalPointUITests;
			productName = TGMedicalPointUITests;
			productReference = 57A0B1DC1DC318FE0094C7A0 /* TGMedicalPointUITests.xctest */;
			productType = "com.apple.product-type.bundle.ui-testing";
		};
/* End PBXNativeTarget section */

/* Begin PBXProject section */
		57A0B1B01DC318FD0094C7A0 /* Project object */ = {
			isa = PBXProject;
			attributes = {
				LastUpgradeCheck = 0800;
				ORGANIZATIONNAME = wsl;
				TargetAttributes = {
					57A0B1B71DC318FD0094C7A0 = {
						CreatedOnToolsVersion = 8.0;
						ProvisioningStyle = Automatic;
					};
					57A0B1D01DC318FE0094C7A0 = {
						CreatedOnToolsVersion = 8.0;
						ProvisioningStyle = Automatic;
						TestTargetID = 57A0B1B71DC318FD0094C7A0;
					};
					57A0B1DB1DC318FE0094C7A0 = {
						CreatedOnToolsVersion = 8.0;
						ProvisioningStyle = Automatic;
						TestTargetID = 57A0B1B71DC318FD0094C7A0;
					};
				};
			};
			buildConfigurationList = 57A0B1B31DC318FD0094C7A0 /* Build configuration list for PBXProject "TGMedicalPoint" */;
			compatibilityVersion = "Xcode 3.2";
			developmentRegion = English;
			hasScannedForEncodings = 0;
			knownRegions = (
				en,
				Base,
			);
			mainGroup = 57A0B1AF1DC318FD0094C7A0;
			productRefGroup = 57A0B1B91DC318FD0094C7A0 /* Products */;
			projectDirPath = "";
			projectRoot = "";
			targets = (
				57A0B1B71DC318FD0094C7A0 /* TGMedicalPoint */,
				57A0B1D01DC318FE0094C7A0 /* TGMedicalPointTests */,
				57A0B1DB1DC318FE0094C7A0 /* TGMedicalPointUITests */,
			);
		};
/* End PBXProject section */

/* Begin PBXResourcesBuildPhase section */
		57A0B1B61DC318FD0094C7A0 /* Resources */ = {
			isa = PBXResourcesBuildPhase;
			buildActionMask = 2147483647;
			files = (
				57A0B2481DC320E50094C7A0 /* TGHomeViewController.xib in Resources */,
				57A0B23E1DC320750094C7A0 /* TGMeViewController.xib in Resources */,
				57A0B1CB1DC318FE0094C7A0 /* LaunchScreen.storyboard in Resources */,
				57A0B2561DC351F20094C7A0 /* iconbg.jpg in Resources */,
				57A0B2341DC320530094C7A0 /* TGCheckViewController.xib in Resources */,
				57A0B2531DC34C950094C7A0 /* BaseLeftViewController.xib in Resources */,
				57A0B2431DC3209A0094C7A0 /* TGSymptomViewController.xib in Resources */,
				57A0B1C81DC318FE0094C7A0 /* Assets.xcassets in Resources */,
			);
			runOnlyForDeploymentPostprocessing = 0;
		};
		57A0B1CF1DC318FE0094C7A0 /* Resources */ = {
			isa = PBXResourcesBuildPhase;
			buildActionMask = 2147483647;
			files = (
			);
			runOnlyForDeploymentPostprocessing = 0;
		};
		57A0B1DA1DC318FE0094C7A0 /* Resources */ = {
			isa = PBXResourcesBuildPhase;
			buildActionMask = 2147483647;
			files = (
			);
			runOnlyForDeploymentPostprocessing = 0;
		};
/* End PBXResourcesBuildPhase section */

/* Begin PBXSourcesBuildPhase section */
		57A0B1B41DC318FD0094C7A0 /* Sources */ = {
			isa = PBXSourcesBuildPhase;
			buildActionMask = 2147483647;
			files = (
				57A0B20E1DC31C900094C7A0 /* UIApplication+SlideMenuControllerOC.m in Sources */,
				57A0B2131DC31C900094C7A0 /* UIView+SlideMenuController.m in Sources */,
				57A0B2421DC3209A0094C7A0 /* TGSymptomViewController.m in Sources */,
				57A0B24B1DC321A30094C7A0 /* BaseNavigationViewController.m in Sources */,
				57A0B2141DC31C900094C7A0 /* UIViewController+SlideMenuControllerOC.m in Sources */,
				57A0B2101DC31C900094C7A0 /* UIImage+SlideMenuController.m in Sources */,
				57A0B2151DC31C900094C7A0 /* SlideMenuController.m in Sources */,
				57A0B1C01DC318FD0094C7A0 /* AppDelegate.m in Sources */,
				57A0B2331DC320530094C7A0 /* TGCheckViewController.m in Sources */,
				57A0B2221DC31E630094C7A0 /* BaseSlideMenuController.m in Sources */,
				57A0B1BD1DC318FD0094C7A0 /* main.m in Sources */,
				57A0B2111DC31C900094C7A0 /* UIImageView+SlideMenuControllerOC.m in Sources */,
				57A0B23D1DC320750094C7A0 /* TGMeViewController.m in Sources */,
				57A0B2121DC31C900094C7A0 /* UITableView+SlideMenuControllerOC.m in Sources */,
				57A0B20F1DC31C900094C7A0 /* UIColor+SlideMenuControllerOC.m in Sources */,
				57A0B2521DC34C950094C7A0 /* BaseLeftViewController.m in Sources */,
				57A0B2471DC320E50094C7A0 /* TGHomeViewController.m in Sources */,
			);
			runOnlyForDeploymentPostprocessing = 0;
		};
		57A0B1CD1DC318FE0094C7A0 /* Sources */ = {
			isa = PBXSourcesBuildPhase;
			buildActionMask = 2147483647;
			files = (
				57A0B1D61DC318FE0094C7A0 /* TGMedicalPointTests.m in Sources */,
			);
			runOnlyForDeploymentPostprocessing = 0;
		};
		57A0B1D81DC318FE0094C7A0 /* Sources */ = {
			isa = PBXSourcesBuildPhase;
			buildActionMask = 2147483647;
			files = (
				57A0B1E11DC318FE0094C7A0 /* TGMedicalPointUITests.m in Sources */,
			);
			runOnlyForDeploymentPostprocessing = 0;
		};
/* End PBXSourcesBuildPhase section */

/* Begin PBXTargetDependency section */
		57A0B1D31DC318FE0094C7A0 /* PBXTargetDependency */ = {
			isa = PBXTargetDependency;
			target = 57A0B1B71DC318FD0094C7A0 /* TGMedicalPoint */;
			targetProxy = 57A0B1D21DC318FE0094C7A0 /* PBXContainerItemProxy */;
		};
		57A0B1DE1DC318FE0094C7A0 /* PBXTargetDependency */ = {
			isa = PBXTargetDependency;
			target = 57A0B1B71DC318FD0094C7A0 /* TGMedicalPoint */;
			targetProxy = 57A0B1DD1DC318FE0094C7A0 /* PBXContainerItemProxy */;
		};
/* End PBXTargetDependency section */

/* Begin PBXVariantGroup section */
		57A0B1C91DC318FE0094C7A0 /* LaunchScreen.storyboard */ = {
			isa = PBXVariantGroup;
			children = (
				57A0B1CA1DC318FE0094C7A0 /* Base */,
			);
			name = LaunchScreen.storyboard;
			sourceTree = "<group>";
		};
/* End PBXVariantGroup section */

/* Begin XCBuildConfiguration section */
		57A0B1E31DC318FE0094C7A0 /* Debug */ = {
			isa = XCBuildConfiguration;
			buildSettings = {
				ALWAYS_SEARCH_USER_PATHS = NO;
				CLANG_ANALYZER_NONNULL = YES;
				CLANG_CXX_LANGUAGE_STANDARD = "gnu++0x";
				CLANG_CXX_LIBRARY = "libc++";
				CLANG_ENABLE_MODULES = YES;
				CLANG_ENABLE_OBJC_ARC = YES;
				CLANG_WARN_BOOL_CONVERSION = YES;
				CLANG_WARN_CONSTANT_CONVERSION = YES;
				CLANG_WARN_DIRECT_OBJC_ISA_USAGE = YES_ERROR;
				CLANG_WARN_DOCUMENTATION_COMMENTS = YES;
				CLANG_WARN_EMPTY_BODY = YES;
				CLANG_WARN_ENUM_CONVERSION = YES;
				CLANG_WARN_INFINITE_RECURSION = YES;
				CLANG_WARN_INT_CONVERSION = YES;
				CLANG_WARN_OBJC_ROOT_CLASS = YES_ERROR;
				CLANG_WARN_SUSPICIOUS_MOVES = YES;
				CLANG_WARN_UNREACHABLE_CODE = YES;
				CLANG_WARN__DUPLICATE_METHOD_MATCH = YES;
				"CODE_SIGN_IDENTITY[sdk=iphoneos*]" = "iPhone Developer";
				COPY_PHASE_STRIP = NO;
				DEBUG_INFORMATION_FORMAT = dwarf;
				ENABLE_STRICT_OBJC_MSGSEND = YES;
				ENABLE_TESTABILITY = YES;
				GCC_C_LANGUAGE_STANDARD = gnu99;
				GCC_DYNAMIC_NO_PIC = NO;
				GCC_NO_COMMON_BLOCKS = YES;
				GCC_OPTIMIZATION_LEVEL = 0;
				GCC_PREPROCESSOR_DEFINITIONS = (
					"DEBUG=1",
					"$(inherited)",
				);
				GCC_WARN_64_TO_32_BIT_CONVERSION = YES;
				GCC_WARN_ABOUT_RETURN_TYPE = YES_ERROR;
				GCC_WARN_UNDECLARED_SELECTOR = YES;
				GCC_WARN_UNINITIALIZED_AUTOS = YES_AGGRESSIVE;
				GCC_WARN_UNUSED_FUNCTION = YES;
				GCC_WARN_UNUSED_VARIABLE = YES;
				IPHONEOS_DEPLOYMENT_TARGET = 10.0;
				MTL_ENABLE_DEBUG_INFO = YES;
				ONLY_ACTIVE_ARCH = YES;
				SDKROOT = iphoneos;
			};
			name = Debug;
		};
		57A0B1E41DC318FE0094C7A0 /* Release */ = {
			isa = XCBuildConfiguration;
			buildSettings = {
				ALWAYS_SEARCH_USER_PATHS = NO;
				CLANG_ANALYZER_NONNULL = YES;
				CLANG_CXX_LANGUAGE_STANDARD = "gnu++0x";
				CLANG_CXX_LIBRARY = "libc++";
				CLANG_ENABLE_MODULES = YES;
				CLANG_ENABLE_OBJC_ARC = YES;
				CLANG_WARN_BOOL_CONVERSION = YES;
				CLANG_WARN_CONSTANT_CONVERSION = YES;
				CLANG_WARN_DIRECT_OBJC_ISA_USAGE = YES_ERROR;
				CLANG_WARN_DOCUMENTATION_COMMENTS = YES;
				CLANG_WARN_EMPTY_BODY = YES;
				CLANG_WARN_ENUM_CONVERSION = YES;
				CLANG_WARN_INFINITE_RECURSION = YES;
				CLANG_WARN_INT_CONVERSION = YES;
				CLANG_WARN_OBJC_ROOT_CLASS = YES_ERROR;
				CLANG_WARN_SUSPICIOUS_MOVES = YES;
				CLANG_WARN_UNREACHABLE_CODE = YES;
				CLANG_WARN__DUPLICATE_METHOD_MATCH = YES;
				"CODE_SIGN_IDENTITY[sdk=iphoneos*]" = "iPhone Developer";
				COPY_PHASE_STRIP = NO;
				DEBUG_INFORMATION_FORMAT = "dwarf-with-dsym";
				ENABLE_NS_ASSERTIONS = NO;
				ENABLE_STRICT_OBJC_MSGSEND = YES;
				GCC_C_LANGUAGE_STANDARD = gnu99;
				GCC_NO_COMMON_BLOCKS = YES;
				GCC_WARN_64_TO_32_BIT_CONVERSION = YES;
				GCC_WARN_ABOUT_RETURN_TYPE = YES_ERROR;
				GCC_WARN_UNDECLARED_SELECTOR = YES;
				GCC_WARN_UNINITIALIZED_AUTOS = YES_AGGRESSIVE;
				GCC_WARN_UNUSED_FUNCTION = YES;
				GCC_WARN_UNUSED_VARIABLE = YES;
				IPHONEOS_DEPLOYMENT_TARGET = 10.0;
				MTL_ENABLE_DEBUG_INFO = NO;
				SDKROOT = iphoneos;
				VALIDATE_PRODUCT = YES;
			};
			name = Release;
		};
		57A0B1E61DC318FE0094C7A0 /* Debug */ = {
			isa = XCBuildConfiguration;
			buildSettings = {
				ASSETCATALOG_COMPILER_APPICON_NAME = AppIcon;
				INFOPLIST_FILE = TGMedicalPoint/Info.plist;
				IPHONEOS_DEPLOYMENT_TARGET = 8.0;
				LD_RUNPATH_SEARCH_PATHS = "$(inherited) @executable_path/Frameworks";
				PRODUCT_BUNDLE_IDENTIFIER = com.wsl.victor.TGMedicalPoint;
				PRODUCT_NAME = "$(TARGET_NAME)";
			};
			name = Debug;
		};
		57A0B1E71DC318FE0094C7A0 /* Release */ = {
			isa = XCBuildConfiguration;
			buildSettings = {
				ASSETCATALOG_COMPILER_APPICON_NAME = AppIcon;
				INFOPLIST_FILE = TGMedicalPoint/Info.plist;
				IPHONEOS_DEPLOYMENT_TARGET = 8.0;
				LD_RUNPATH_SEARCH_PATHS = "$(inherited) @executable_path/Frameworks";
				PRODUCT_BUNDLE_IDENTIFIER = com.wsl.victor.TGMedicalPoint;
				PRODUCT_NAME = "$(TARGET_NAME)";
			};
			name = Release;
		};
		57A0B1E91DC318FE0094C7A0 /* Debug */ = {
			isa = XCBuildConfiguration;
			buildSettings = {
				BUNDLE_LOADER = "$(TEST_HOST)";
				INFOPLIST_FILE = TGMedicalPointTests/Info.plist;
				LD_RUNPATH_SEARCH_PATHS = "$(inherited) @executable_path/Frameworks @loader_path/Frameworks";
				PRODUCT_BUNDLE_IDENTIFIER = com.wsl.victor.TGMedicalPointTests;
				PRODUCT_NAME = "$(TARGET_NAME)";
				TEST_HOST = "$(BUILT_PRODUCTS_DIR)/TGMedicalPoint.app/TGMedicalPoint";
			};
			name = Debug;
		};
		57A0B1EA1DC318FE0094C7A0 /* Release */ = {
			isa = XCBuildConfiguration;
			buildSettings = {
				BUNDLE_LOADER = "$(TEST_HOST)";
				INFOPLIST_FILE = TGMedicalPointTests/Info.plist;
				LD_RUNPATH_SEARCH_PATHS = "$(inherited) @executable_path/Frameworks @loader_path/Frameworks";
				PRODUCT_BUNDLE_IDENTIFIER = com.wsl.victor.TGMedicalPointTests;
				PRODUCT_NAME = "$(TARGET_NAME)";
				TEST_HOST = "$(BUILT_PRODUCTS_DIR)/TGMedicalPoint.app/TGMedicalPoint";
			};
			name = Release;
		};
		57A0B1EC1DC318FE0094C7A0 /* Debug */ = {
			isa = XCBuildConfiguration;
			buildSettings = {
				INFOPLIST_FILE = TGMedicalPointUITests/Info.plist;
				LD_RUNPATH_SEARCH_PATHS = "$(inherited) @executable_path/Frameworks @loader_path/Frameworks";
				PRODUCT_BUNDLE_IDENTIFIER = com.wsl.victor.TGMedicalPointUITests;
				PRODUCT_NAME = "$(TARGET_NAME)";
				TEST_TARGET_NAME = TGMedicalPoint;
			};
			name = Debug;
		};
		57A0B1ED1DC318FE0094C7A0 /* Release */ = {
			isa = XCBuildConfiguration;
			buildSettings = {
				INFOPLIST_FILE = TGMedicalPointUITests/Info.plist;
				LD_RUNPATH_SEARCH_PATHS = "$(inherited) @executable_path/Frameworks @loader_path/Frameworks";
				PRODUCT_BUNDLE_IDENTIFIER = com.wsl.victor.TGMedicalPointUITests;
				PRODUCT_NAME = "$(TARGET_NAME)";
				TEST_TARGET_NAME = TGMedicalPoint;
			};
			name = Release;
		};
/* End XCBuildConfiguration section */

/* Begin XCConfigurationList section */
		57A0B1B31DC318FD0094C7A0 /* Build configuration list for PBXProject "TGMedicalPoint" */ = {
			isa = XCConfigurationList;
			buildConfigurations = (
				57A0B1E31DC318FE0094C7A0 /* Debug */,
				57A0B1E41DC318FE0094C7A0 /* Release */,
			);
			defaultConfigurationIsVisible = 0;
			defaultConfigurationName = Release;
		};
		57A0B1E51DC318FE0094C7A0 /* Build configuration list for PBXNativeTarget "TGMedicalPoint" */ = {
			isa = XCConfigurationList;
			buildConfigurations = (
				57A0B1E61DC318FE0094C7A0 /* Debug */,
				57A0B1E71DC318FE0094C7A0 /* Release */,
			);
			defaultConfigurationIsVisible = 0;
		};
		57A0B1E81DC318FE0094C7A0 /* Build configuration list for PBXNativeTarget "TGMedicalPointTests" */ = {
			isa = XCConfigurationList;
			buildConfigurations = (
				57A0B1E91DC318FE0094C7A0 /* Debug */,
				57A0B1EA1DC318FE0094C7A0 /* Release */,
			);
			defaultConfigurationIsVisible = 0;
		};
		57A0B1EB1DC318FE0094C7A0 /* Build configuration list for PBXNativeTarget "TGMedicalPointUITests" */ = {
			isa = XCConfigurationList;
			buildConfigurations = (
				57A0B1EC1DC318FE0094C7A0 /* Debug */,
				57A0B1ED1DC318FE0094C7A0 /* Release */,
			);
			defaultConfigurationIsVisible = 0;
		};
/* End XCConfigurationList section */
	};
	rootObject = 57A0B1B01DC318FD0094C7A0 /* Project object */;
}
